
Microsoft Visual Studio Solution File, Format Version 12.00
# Visual Studio Version 17
VisualStudioVersion = 17.8.34511.84
MinimumVisualStudioVersion = 10.0.40219.1
Project("{FAE04EC0-301F-11D3-BF4B-00C04F79EFBC}") = "ArrayExamples", "ArrayExamples\ArrayExamples.csproj", "{C8543D5D-716C-44AC-8390-A1533BFDA843}"
EndProject
Project("{FAE04EC0-301F-11D3-BF4B-00C04F79EFBC}") = "RefShallowDeepCopy", "RefShallowDeepCopy\RefShallowDeepCopy.csproj", "{85AFDA4D-A943-48D0-A0A2-85DE007C8CCF}"
EndProject
Project("{FAE04EC0-301F-11D3-BF4B-00C04F79EFBC}") = "ArrayTypes", "ArrayTypes\ArrayTypes.csproj", "{E360A951-5D27-4420-8BDC-18C8E0DD6CB6}"
EndProject
Project("{FAE04EC0-301F-11D3-BF4B-00C04F79EFBC}") = "ArrayListEx", "ArrayListEx\ArrayListEx.csproj", "{22217573-6121-49E6-A83B-AA5DCF3757F0}"
EndProject
Project("{FAE04EC0-301F-11D3-BF4B-00C04F79EFBC}") = "HashTableEx", "HashTableEx\HashTableEx.csproj", "{A0CCC619-8D7B-4419-8181-C2B13BE99E97}"
EndProject
Project("{FAE04EC0-301F-11D3-BF4B-00C04F79EFBC}") = "GenericsEx", "GenericsEx\GenericsEx.csproj", "{C7D315EC-1ED7-45C0-81D8-6E55622ADFB8}"
EndProject
Project("{FAE04EC0-301F-11D3-BF4B-00C04F79EFBC}") = "TestGenericClass", "TestGenericClass\TestGenericClass.csproj", "{A454F97B-15B3-4EA1-B13C-4579B0B6D11E}"
EndProject
Project("{FAE04EC0-301F-11D3-BF4B-00C04F79EFBC}") = "IComparableEx", "IComparableEx\IComparableEx.csproj", "{F969705F-AE5C-414C-AC01-054C7EF81994}"
EndProject
Project("{FAE04EC0-301F-11D3-BF4B-00C04F79EFBC}") = "StringStringBuilder", "StringStringBuilder\StringStringBuilder.csproj", "{6DB89783-BB47-4DE5-8A61-B6A26A3A2F2E}"
EndProject
Project("{FAE04EC0-301F-11D3-BF4B-00C04F79EFBC}") = "ExceptionHandlingsEx", "ExceptionHandlingsEx\ExceptionHandlingsEx.csproj", "{FB8897A0-2ABA-4CD0-B895-B044FAF8819A}"
EndProject
Project("{FAE04EC0-301F-11D3-BF4B-00C04F79EFBC}") = "BoxingUnBoxing", "BoxingUnBoxing\BoxingUnBoxing.csproj", "{925DD477-6ED9-43CE-9769-E12252A3AD3C}"
EndProject
Project("{FAE04EC0-301F-11D3-BF4B-00C04F79EFBC}") = "AccessSpecifiersExample", "AccessSpecifiersExample\AccessSpecifiersExample.csproj", "{111EDA67-44F7-4F88-861E-F8DA6B9EDC48}"
EndProject
Project("{FAE04EC0-301F-11D3-BF4B-00C04F79EFBC}") = "MathOperations.Methods", "MathOperations.Methods\MathOperations.Methods.csproj", "{EDF76829-D4BE-4000-8F6E-1F2C9F13395E}"
EndProject
Project("{FAE04EC0-301F-11D3-BF4B-00C04F79EFBC}") = "CommandLineArguments", "CommandLineArguments\CommandLineArguments.csproj", "{4CC5D236-1344-4D06-ADCB-A59530D639AB}"
EndProject
Project("{FAE04EC0-301F-11D3-BF4B-00C04F79EFBC}") = "ConversionMethods", "ConversionMethods\ConversionMethods.csproj", "{9300504B-186F-4711-9905-30887D68CD65}"
EndProject
Project("{FAE04EC0-301F-11D3-BF4B-00C04F79EFBC}") = "MethodCallings", "MethodCallings\MethodCallings.csproj", "{056511EA-BA01-4DA2-AD20-C65DED1C1276}"
EndProject
Project("{FAE04EC0-301F-11D3-BF4B-00C04F79EFBC}") = "EnumsExam", "EnumsExam\EnumsExam.csproj", "{68EB5A04-11D3-4E30-87C2-413AA960AC4E}"
EndProject
Project("{FAE04EC0-301F-11D3-BF4B-00C04F79EFBC}") = "AsynchAwait", "AsychAwait\AsynchAwait.csproj", "{120B8C0B-C0D7-46EE-A0ED-820C29C9215C}"
EndProject
Global
	GlobalSection(SolutionConfigurationPlatforms) = preSolution
		Debug|Any CPU = Debug|Any CPU
		Release|Any CPU = Release|Any CPU
	EndGlobalSection
	GlobalSection(ProjectConfigurationPlatforms) = postSolution
		{C8543D5D-716C-44AC-8390-A1533BFDA843}.Debug|Any CPU.ActiveCfg = Debug|Any CPU
		{C8543D5D-716C-44AC-8390-A1533BFDA843}.Debug|Any CPU.Build.0 = Debug|Any CPU
		{C8543D5D-716C-44AC-8390-A1533BFDA843}.Release|Any CPU.ActiveCfg = Release|Any CPU
		{C8543D5D-716C-44AC-8390-A1533BFDA843}.Release|Any CPU.Build.0 = Release|Any CPU
		{85AFDA4D-A943-48D0-A0A2-85DE007C8CCF}.Debug|Any CPU.ActiveCfg = Debug|Any CPU
		{85AFDA4D-A943-48D0-A0A2-85DE007C8CCF}.Debug|Any CPU.Build.0 = Debug|Any CPU
		{85AFDA4D-A943-48D0-A0A2-85DE007C8CCF}.Release|Any CPU.ActiveCfg = Release|Any CPU
		{85AFDA4D-A943-48D0-A0A2-85DE007C8CCF}.Release|Any CPU.Build.0 = Release|Any CPU
		{E360A951-5D27-4420-8BDC-18C8E0DD6CB6}.Debug|Any CPU.ActiveCfg = Debug|Any CPU
		{E360A951-5D27-4420-8BDC-18C8E0DD6CB6}.Debug|Any CPU.Build.0 = Debug|Any CPU
		{E360A951-5D27-4420-8BDC-18C8E0DD6CB6}.Release|Any CPU.ActiveCfg = Release|Any CPU
		{E360A951-5D27-4420-8BDC-18C8E0DD6CB6}.Release|Any CPU.Build.0 = Release|Any CPU
		{22217573-6121-49E6-A83B-AA5DCF3757F0}.Debug|Any CPU.ActiveCfg = Debug|Any CPU
		{22217573-6121-49E6-A83B-AA5DCF3757F0}.Debug|Any CPU.Build.0 = Debug|Any CPU
		{22217573-6121-49E6-A83B-AA5DCF3757F0}.Release|Any CPU.ActiveCfg = Release|Any CPU
		{22217573-6121-49E6-A83B-AA5DCF3757F0}.Release|Any CPU.Build.0 = Release|Any CPU
		{A0CCC619-8D7B-4419-8181-C2B13BE99E97}.Debug|Any CPU.ActiveCfg = Debug|Any CPU
		{A0CCC619-8D7B-4419-8181-C2B13BE99E97}.Debug|Any CPU.Build.0 = Debug|Any CPU
		{A0CCC619-8D7B-4419-8181-C2B13BE99E97}.Release|Any CPU.ActiveCfg = Release|Any CPU
		{A0CCC619-8D7B-4419-8181-C2B13BE99E97}.Release|Any CPU.Build.0 = Release|Any CPU
		{C7D315EC-1ED7-45C0-81D8-6E55622ADFB8}.Debug|Any CPU.ActiveCfg = Debug|Any CPU
		{C7D315EC-1ED7-45C0-81D8-6E55622ADFB8}.Debug|Any CPU.Build.0 = Debug|Any CPU
		{C7D315EC-1ED7-45C0-81D8-6E55622ADFB8}.Release|Any CPU.ActiveCfg = Release|Any CPU
		{C7D315EC-1ED7-45C0-81D8-6E55622ADFB8}.Release|Any CPU.Build.0 = Release|Any CPU
		{A454F97B-15B3-4EA1-B13C-4579B0B6D11E}.Debug|Any CPU.ActiveCfg = Debug|Any CPU
		{A454F97B-15B3-4EA1-B13C-4579B0B6D11E}.Debug|Any CPU.Build.0 = Debug|Any CPU
		{A454F97B-15B3-4EA1-B13C-4579B0B6D11E}.Release|Any CPU.ActiveCfg = Release|Any CPU
		{A454F97B-15B3-4EA1-B13C-4579B0B6D11E}.Release|Any CPU.Build.0 = Release|Any CPU
		{F969705F-AE5C-414C-AC01-054C7EF81994}.Debug|Any CPU.ActiveCfg = Debug|Any CPU
		{F969705F-AE5C-414C-AC01-054C7EF81994}.Debug|Any CPU.Build.0 = Debug|Any CPU
		{F969705F-AE5C-414C-AC01-054C7EF81994}.Release|Any CPU.ActiveCfg = Release|Any CPU
		{F969705F-AE5C-414C-AC01-054C7EF81994}.Release|Any CPU.Build.0 = Release|Any CPU
		{6DB89783-BB47-4DE5-8A61-B6A26A3A2F2E}.Debug|Any CPU.ActiveCfg = Debug|Any CPU
		{6DB89783-BB47-4DE5-8A61-B6A26A3A2F2E}.Debug|Any CPU.Build.0 = Debug|Any CPU
		{6DB89783-BB47-4DE5-8A61-B6A26A3A2F2E}.Release|Any CPU.ActiveCfg = Release|Any CPU
		{6DB89783-BB47-4DE5-8A61-B6A26A3A2F2E}.Release|Any CPU.Build.0 = Release|Any CPU
		{FB8897A0-2ABA-4CD0-B895-B044FAF8819A}.Debug|Any CPU.ActiveCfg = Debug|Any CPU
		{FB8897A0-2ABA-4CD0-B895-B044FAF8819A}.Debug|Any CPU.Build.0 = Debug|Any CPU
		{FB8897A0-2ABA-4CD0-B895-B044FAF8819A}.Release|Any CPU.ActiveCfg = Release|Any CPU
		{FB8897A0-2ABA-4CD0-B895-B044FAF8819A}.Release|Any CPU.Build.0 = Release|Any CPU
		{925DD477-6ED9-43CE-9769-E12252A3AD3C}.Debug|Any CPU.ActiveCfg = Debug|Any CPU
		{925DD477-6ED9-43CE-9769-E12252A3AD3C}.Debug|Any CPU.Build.0 = Debug|Any CPU
		{925DD477-6ED9-43CE-9769-E12252A3AD3C}.Release|Any CPU.ActiveCfg = Release|Any CPU
		{925DD477-6ED9-43CE-9769-E12252A3AD3C}.Release|Any CPU.Build.0 = Release|Any CPU
		{111EDA67-44F7-4F88-861E-F8DA6B9EDC48}.Debug|Any CPU.ActiveCfg = Debug|Any CPU
		{111EDA67-44F7-4F88-861E-F8DA6B9EDC48}.Debug|Any CPU.Build.0 = Debug|Any CPU
		{111EDA67-44F7-4F88-861E-F8DA6B9EDC48}.Release|Any CPU.ActiveCfg = Release|Any CPU
		{111EDA67-44F7-4F88-861E-F8DA6B9EDC48}.Release|Any CPU.Build.0 = Release|Any CPU
		{EDF76829-D4BE-4000-8F6E-1F2C9F13395E}.Debug|Any CPU.ActiveCfg = Debug|Any CPU
		{EDF76829-D4BE-4000-8F6E-1F2C9F13395E}.Debug|Any CPU.Build.0 = Debug|Any CPU
		{EDF76829-D4BE-4000-8F6E-1F2C9F13395E}.Release|Any CPU.ActiveCfg = Release|Any CPU
		{EDF76829-D4BE-4000-8F6E-1F2C9F13395E}.Release|Any CPU.Build.0 = Release|Any CPU
		{4CC5D236-1344-4D06-ADCB-A59530D639AB}.Debug|Any CPU.ActiveCfg = Debug|Any CPU
		{4CC5D236-1344-4D06-ADCB-A59530D639AB}.Debug|Any CPU.Build.0 = Debug|Any CPU
		{4CC5D236-1344-4D06-ADCB-A59530D639AB}.Release|Any CPU.ActiveCfg = Release|Any CPU
		{4CC5D236-1344-4D06-ADCB-A59530D639AB}.Release|Any CPU.Build.0 = Release|Any CPU
		{9300504B-186F-4711-9905-30887D68CD65}.Debug|Any CPU.ActiveCfg = Debug|Any CPU
		{9300504B-186F-4711-9905-30887D68CD65}.Debug|Any CPU.Build.0 = Debug|Any CPU
		{9300504B-186F-4711-9905-30887D68CD65}.Release|Any CPU.ActiveCfg = Release|Any CPU
		{9300504B-186F-4711-9905-30887D68CD65}.Release|Any CPU.Build.0 = Release|Any CPU
		{056511EA-BA01-4DA2-AD20-C65DED1C1276}.Debug|Any CPU.ActiveCfg = Debug|Any CPU
		{056511EA-BA01-4DA2-AD20-C65DED1C1276}.Debug|Any CPU.Build.0 = Debug|Any CPU
		{056511EA-BA01-4DA2-AD20-C65DED1C1276}.Release|Any CPU.ActiveCfg = Release|Any CPU
		{056511EA-BA01-4DA2-AD20-C65DED1C1276}.Release|Any CPU.Build.0 = Release|Any CPU
		{68EB5A04-11D3-4E30-87C2-413AA960AC4E}.Debug|Any CPU.ActiveCfg = Debug|Any CPU
		{68EB5A04-11D3-4E30-87C2-413AA960AC4E}.Debug|Any CPU.Build.0 = Debug|Any CPU
		{68EB5A04-11D3-4E30-87C2-413AA960AC4E}.Release|Any CPU.ActiveCfg = Release|Any CPU
		{68EB5A04-11D3-4E30-87C2-413AA960AC4E}.Release|Any CPU.Build.0 = Release|Any CPU
		{120B8C0B-C0D7-46EE-A0ED-820C29C9215C}.Debug|Any CPU.ActiveCfg = Debug|Any CPU
		{120B8C0B-C0D7-46EE-A0ED-820C29C9215C}.Debug|Any CPU.Build.0 = Debug|Any CPU
		{120B8C0B-C0D7-46EE-A0ED-820C29C9215C}.Release|Any CPU.ActiveCfg = Release|Any CPU
		{120B8C0B-C0D7-46EE-A0ED-820C29C9215C}.Release|Any CPU.Build.0 = Release|Any CPU
	EndGlobalSection
	GlobalSection(SolutionProperties) = preSolution
		HideSolutionNode = FALSE
	EndGlobalSection
	GlobalSection(ExtensibilityGlobals) = postSolution
		SolutionGuid = {698046E5-560F-4EEF-97F5-D34DF8B871EF}
	EndGlobalSection
EndGlobal
